
Microsoft Visual Studio Solution File, Format Version 12.00
# Visual Studio 2012
Project("{FAE04EC0-301F-11D3-BF4B-00C04F79EFBC}") = "MonoDevelop.PackageManagement.Extensions", "MonoDevelop.PackageManagement.Extensions\MonoDevelop.PackageManagement.Extensions.csproj", "{649C747C-79BF-494A-9EFF-A7CD3CA56CDE}"
EndProject
Project("{FAE04EC0-301F-11D3-BF4B-00C04F79EFBC}") = "MonoDevelop.PackageManagement.PowerShell.Protocol", "MonoDevelop.PackageManagement.PowerShell.Protocol\MonoDevelop.PackageManagement.PowerShell.Protocol.csproj", "{56ADE615-648E-4F93-9F7C-636AA0737A7B}"
EndProject
Project("{FAE04EC0-301F-11D3-BF4B-00C04F79EFBC}") = "MonoDevelop.PackageManagement.PowerShell.ConsoleHost", "MonoDevelop.PackageManagement.PowerShell.ConsoleHost\MonoDevelop.PackageManagement.PowerShell.ConsoleHost.csproj", "{03E63744-94E9-4920-BFD5-D0920D4AA544}"
EndProject
Project("{FAE04EC0-301F-11D3-BF4B-00C04F79EFBC}") = "MonoDevelop.PackageManagement.PowerShell.Cmdlets", "MonoDevelop.PackageManagement.PowerShell.Cmdlets\MonoDevelop.PackageManagement.PowerShell.Cmdlets.csproj", "{A727E5B6-8026-4454-9354-0956205D6384}"
EndProject
Project("{FAE04EC0-301F-11D3-BF4B-00C04F79EFBC}") = "MonoDevelop.PackageManagement.PowerShell.ConsoleHost.Core", "MonoDevelop.PackageManagement.PowerShell.ConsoleHost.Core\MonoDevelop.PackageManagement.PowerShell.ConsoleHost.Core.csproj", "{076322B5-355C-434D-8BBF-78C85D752375}"
EndProject
Project("{F184B08F-C81C-45F6-A57F-5ABD9991F28F}") = "MonoDevelop.EnvDTE", "MonoDevelop.EnvDTE\MonoDevelop.EnvDTE.vbproj", "{4D821BC0-FE27-4D82-862D-DE6147DBEB7F}"
EndProject
Global
	GlobalSection(SolutionConfigurationPlatforms) = preSolution
		Debug|Any CPU = Debug|Any CPU
		Release|Any CPU = Release|Any CPU
		Debug|x86 = Debug|x86
		Release|x86 = Release|x86
	EndGlobalSection
	GlobalSection(ProjectConfigurationPlatforms) = postSolution
		{649C747C-79BF-494A-9EFF-A7CD3CA56CDE}.Debug|Any CPU.ActiveCfg = Debug|Any CPU
		{649C747C-79BF-494A-9EFF-A7CD3CA56CDE}.Debug|Any CPU.Build.0 = Debug|Any CPU
		{649C747C-79BF-494A-9EFF-A7CD3CA56CDE}.Debug|x86.ActiveCfg = Debug|Any CPU
		{649C747C-79BF-494A-9EFF-A7CD3CA56CDE}.Debug|x86.Build.0 = Debug|Any CPU
		{649C747C-79BF-494A-9EFF-A7CD3CA56CDE}.Release|Any CPU.ActiveCfg = Release|Any CPU
		{649C747C-79BF-494A-9EFF-A7CD3CA56CDE}.Release|Any CPU.Build.0 = Release|Any CPU
		{649C747C-79BF-494A-9EFF-A7CD3CA56CDE}.Release|x86.ActiveCfg = Release|Any CPU
		{649C747C-79BF-494A-9EFF-A7CD3CA56CDE}.Release|x86.Build.0 = Release|Any CPU
		{56ADE615-648E-4F93-9F7C-636AA0737A7B}.Debug|Any CPU.ActiveCfg = Debug|Any CPU
		{56ADE615-648E-4F93-9F7C-636AA0737A7B}.Debug|Any CPU.Build.0 = Debug|Any CPU
		{56ADE615-648E-4F93-9F7C-636AA0737A7B}.Release|Any CPU.ActiveCfg = Release|Any CPU
		{56ADE615-648E-4F93-9F7C-636AA0737A7B}.Release|Any CPU.Build.0 = Release|Any CPU
		{56ADE615-648E-4F93-9F7C-636AA0737A7B}.Debug|x86.ActiveCfg = Debug|Any CPU
		{56ADE615-648E-4F93-9F7C-636AA0737A7B}.Debug|x86.Build.0 = Debug|Any CPU
		{56ADE615-648E-4F93-9F7C-636AA0737A7B}.Release|x86.ActiveCfg = Release|Any CPU
		{56ADE615-648E-4F93-9F7C-636AA0737A7B}.Release|x86.Build.0 = Release|Any CPU
		{03E63744-94E9-4920-BFD5-D0920D4AA544}.Debug|Any CPU.ActiveCfg = Debug|Any CPU
		{03E63744-94E9-4920-BFD5-D0920D4AA544}.Debug|Any CPU.Build.0 = Debug|Any CPU
		{03E63744-94E9-4920-BFD5-D0920D4AA544}.Release|Any CPU.ActiveCfg = Release|Any CPU
		{03E63744-94E9-4920-BFD5-D0920D4AA544}.Release|Any CPU.Build.0 = Release|Any CPU
		{03E63744-94E9-4920-BFD5-D0920D4AA544}.Debug|x86.ActiveCfg = Debug|Any CPU
		{03E63744-94E9-4920-BFD5-D0920D4AA544}.Debug|x86.Build.0 = Debug|Any CPU
		{03E63744-94E9-4920-BFD5-D0920D4AA544}.Release|x86.ActiveCfg = Release|Any CPU
		{03E63744-94E9-4920-BFD5-D0920D4AA544}.Release|x86.Build.0 = Release|Any CPU
		{A727E5B6-8026-4454-9354-0956205D6384}.Debug|Any CPU.ActiveCfg = Debug|Any CPU
		{A727E5B6-8026-4454-9354-0956205D6384}.Debug|Any CPU.Build.0 = Debug|Any CPU
		{A727E5B6-8026-4454-9354-0956205D6384}.Release|Any CPU.ActiveCfg = Release|Any CPU
		{A727E5B6-8026-4454-9354-0956205D6384}.Release|Any CPU.Build.0 = Release|Any CPU
		{A727E5B6-8026-4454-9354-0956205D6384}.Debug|x86.ActiveCfg = Debug|Any CPU
		{A727E5B6-8026-4454-9354-0956205D6384}.Debug|x86.Build.0 = Debug|Any CPU
		{A727E5B6-8026-4454-9354-0956205D6384}.Release|x86.ActiveCfg = Release|Any CPU
		{A727E5B6-8026-4454-9354-0956205D6384}.Release|x86.Build.0 = Release|Any CPU
		{076322B5-355C-434D-8BBF-78C85D752375}.Debug|Any CPU.ActiveCfg = Debug|Any CPU
		{076322B5-355C-434D-8BBF-78C85D752375}.Debug|Any CPU.Build.0 = Debug|Any CPU
		{076322B5-355C-434D-8BBF-78C85D752375}.Release|Any CPU.ActiveCfg = Release|Any CPU
		{076322B5-355C-434D-8BBF-78C85D752375}.Release|Any CPU.Build.0 = Release|Any CPU
		{076322B5-355C-434D-8BBF-78C85D752375}.Debug|x86.ActiveCfg = Debug|Any CPU
		{076322B5-355C-434D-8BBF-78C85D752375}.Debug|x86.Build.0 = Debug|Any CPU
		{076322B5-355C-434D-8BBF-78C85D752375}.Release|x86.ActiveCfg = Release|Any CPU
		{076322B5-355C-434D-8BBF-78C85D752375}.Release|x86.Build.0 = Release|Any CPU
		{4D821BC0-FE27-4D82-862D-DE6147DBEB7F}.Debug|Any CPU.ActiveCfg = Debug|Any CPU
		{4D821BC0-FE27-4D82-862D-DE6147DBEB7F}.Debug|Any CPU.Build.0 = Debug|Any CPU
		{4D821BC0-FE27-4D82-862D-DE6147DBEB7F}.Release|Any CPU.ActiveCfg = Release|Any CPU
		{4D821BC0-FE27-4D82-862D-DE6147DBEB7F}.Release|Any CPU.Build.0 = Release|Any CPU
		{4D821BC0-FE27-4D82-862D-DE6147DBEB7F}.Debug|x86.ActiveCfg = Debug|Any CPU
		{4D821BC0-FE27-4D82-862D-DE6147DBEB7F}.Debug|x86.Build.0 = Debug|Any CPU
		{4D821BC0-FE27-4D82-862D-DE6147DBEB7F}.Release|x86.ActiveCfg = Release|Any CPU
		{4D821BC0-FE27-4D82-862D-DE6147DBEB7F}.Release|x86.Build.0 = Release|Any CPU
	EndGlobalSection
	GlobalSection(NestedProjects) = preSolution
	EndGlobalSection
	GlobalSection(MonoDevelopProperties) = preSolution
		StartupItem = MonoDevelop.PackageManagement.Extensions\MonoDevelop.PackageManagement.Extensions.csproj
	EndGlobalSection
EndGlobal
