
Microsoft Visual Studio Solution File, Format Version 12.00
# Visual Studio 2012
Project("{FAE04EC0-301F-11D3-BF4B-00C04F79EFBC}") = "MonoDevelop.PackageManagement.Extensions", "MonoDevelop.PackageManagement.Extensions\MonoDevelop.PackageManagement.Extensions.csproj", "{649C747C-79BF-494A-9EFF-A7CD3CA56CDE}"
EndProject
Project("{2150E333-8FDC-42A3-9474-1A3956D46DE8}") = "Pash", "Pash", "{9CFB788D-6152-4172-A09E-6FDC001403BF}"
EndProject
Project("{FAE04EC0-301F-11D3-BF4B-00C04F79EFBC}") = "010.Irony.2010", "external\pash\Libraries\Irony\Irony\010.Irony.2010.csproj", "{D81F5C91-D7DB-46E5-BC99-49488FB6814C}"
EndProject
Project("{FAE04EC0-301F-11D3-BF4B-00C04F79EFBC}") = "Microsoft.Commands.Management", "external\pash\Source\Microsoft.PowerShell.Commands.Management\Microsoft.Commands.Management.csproj", "{91225A72-A021-4B7D-BA56-5E1B7AC02F03}"
EndProject
Project("{FAE04EC0-301F-11D3-BF4B-00C04F79EFBC}") = "System.Management", "external\pash\Source\System.Management\System.Management.csproj", "{C5E303EC-5684-4C95-B0EC-2593E6662403}"
EndProject
Project("{FAE04EC0-301F-11D3-BF4B-00C04F79EFBC}") = "Microsoft.PowerShell.Commands.Utility", "external\pash\Source\Microsoft.PowerShell.Commands.Utility\Microsoft.PowerShell.Commands.Utility.csproj", "{0E1D573C-C57D-4A83-A739-3A38E719D87E}"
EndProject
Global
	GlobalSection(SolutionConfigurationPlatforms) = preSolution
		Debug|Any CPU = Debug|Any CPU
		Release|Any CPU = Release|Any CPU
		Debug|x86 = Debug|x86
		Release|x86 = Release|x86
	EndGlobalSection
	GlobalSection(ProjectConfigurationPlatforms) = postSolution
		{0E1D573C-C57D-4A83-A739-3A38E719D87E}.Debug|Any CPU.ActiveCfg = Debug|Any CPU
		{0E1D573C-C57D-4A83-A739-3A38E719D87E}.Debug|Any CPU.Build.0 = Debug|Any CPU
		{0E1D573C-C57D-4A83-A739-3A38E719D87E}.Debug|x86.ActiveCfg = Debug|x86
		{0E1D573C-C57D-4A83-A739-3A38E719D87E}.Debug|x86.Build.0 = Debug|x86
		{0E1D573C-C57D-4A83-A739-3A38E719D87E}.Release|Any CPU.ActiveCfg = Release|Any CPU
		{0E1D573C-C57D-4A83-A739-3A38E719D87E}.Release|Any CPU.Build.0 = Release|Any CPU
		{0E1D573C-C57D-4A83-A739-3A38E719D87E}.Release|x86.ActiveCfg = Release|x86
		{0E1D573C-C57D-4A83-A739-3A38E719D87E}.Release|x86.Build.0 = Release|x86
		{649C747C-79BF-494A-9EFF-A7CD3CA56CDE}.Debug|Any CPU.ActiveCfg = Debug|Any CPU
		{649C747C-79BF-494A-9EFF-A7CD3CA56CDE}.Debug|Any CPU.Build.0 = Debug|Any CPU
		{649C747C-79BF-494A-9EFF-A7CD3CA56CDE}.Debug|x86.ActiveCfg = Debug|Any CPU
		{649C747C-79BF-494A-9EFF-A7CD3CA56CDE}.Debug|x86.Build.0 = Debug|Any CPU
		{649C747C-79BF-494A-9EFF-A7CD3CA56CDE}.Release|Any CPU.ActiveCfg = Release|Any CPU
		{649C747C-79BF-494A-9EFF-A7CD3CA56CDE}.Release|Any CPU.Build.0 = Release|Any CPU
		{649C747C-79BF-494A-9EFF-A7CD3CA56CDE}.Release|x86.ActiveCfg = Release|Any CPU
		{649C747C-79BF-494A-9EFF-A7CD3CA56CDE}.Release|x86.Build.0 = Release|Any CPU
		{91225A72-A021-4B7D-BA56-5E1B7AC02F03}.Debug|Any CPU.ActiveCfg = Debug|Any CPU
		{91225A72-A021-4B7D-BA56-5E1B7AC02F03}.Debug|Any CPU.Build.0 = Debug|Any CPU
		{91225A72-A021-4B7D-BA56-5E1B7AC02F03}.Debug|x86.ActiveCfg = Debug|x86
		{91225A72-A021-4B7D-BA56-5E1B7AC02F03}.Debug|x86.Build.0 = Debug|x86
		{91225A72-A021-4B7D-BA56-5E1B7AC02F03}.Release|Any CPU.ActiveCfg = Release|Any CPU
		{91225A72-A021-4B7D-BA56-5E1B7AC02F03}.Release|Any CPU.Build.0 = Release|Any CPU
		{91225A72-A021-4B7D-BA56-5E1B7AC02F03}.Release|x86.ActiveCfg = Release|x86
		{91225A72-A021-4B7D-BA56-5E1B7AC02F03}.Release|x86.Build.0 = Release|x86
		{C5E303EC-5684-4C95-B0EC-2593E6662403}.Debug|Any CPU.ActiveCfg = Debug|Any CPU
		{C5E303EC-5684-4C95-B0EC-2593E6662403}.Debug|Any CPU.Build.0 = Debug|Any CPU
		{C5E303EC-5684-4C95-B0EC-2593E6662403}.Debug|x86.ActiveCfg = Debug|x86
		{C5E303EC-5684-4C95-B0EC-2593E6662403}.Debug|x86.Build.0 = Debug|x86
		{C5E303EC-5684-4C95-B0EC-2593E6662403}.Release|Any CPU.ActiveCfg = Release|Any CPU
		{C5E303EC-5684-4C95-B0EC-2593E6662403}.Release|Any CPU.Build.0 = Release|Any CPU
		{C5E303EC-5684-4C95-B0EC-2593E6662403}.Release|x86.ActiveCfg = Release|x86
		{C5E303EC-5684-4C95-B0EC-2593E6662403}.Release|x86.Build.0 = Release|x86
		{D81F5C91-D7DB-46E5-BC99-49488FB6814C}.Debug|Any CPU.ActiveCfg = Debug|Any CPU
		{D81F5C91-D7DB-46E5-BC99-49488FB6814C}.Debug|Any CPU.Build.0 = Debug|Any CPU
		{D81F5C91-D7DB-46E5-BC99-49488FB6814C}.Debug|x86.ActiveCfg = Debug|x86
		{D81F5C91-D7DB-46E5-BC99-49488FB6814C}.Debug|x86.Build.0 = Debug|x86
		{D81F5C91-D7DB-46E5-BC99-49488FB6814C}.Release|Any CPU.ActiveCfg = Release|Any CPU
		{D81F5C91-D7DB-46E5-BC99-49488FB6814C}.Release|Any CPU.Build.0 = Release|Any CPU
		{D81F5C91-D7DB-46E5-BC99-49488FB6814C}.Release|x86.ActiveCfg = Release|x86
		{D81F5C91-D7DB-46E5-BC99-49488FB6814C}.Release|x86.Build.0 = Release|x86
	EndGlobalSection
	GlobalSection(NestedProjects) = preSolution
		{D81F5C91-D7DB-46E5-BC99-49488FB6814C} = {9CFB788D-6152-4172-A09E-6FDC001403BF}
		{91225A72-A021-4B7D-BA56-5E1B7AC02F03} = {9CFB788D-6152-4172-A09E-6FDC001403BF}
		{C5E303EC-5684-4C95-B0EC-2593E6662403} = {9CFB788D-6152-4172-A09E-6FDC001403BF}
		{0E1D573C-C57D-4A83-A739-3A38E719D87E} = {9CFB788D-6152-4172-A09E-6FDC001403BF}
	EndGlobalSection
	GlobalSection(MonoDevelopProperties) = preSolution
		StartupItem = MonoDevelop.PackageManagement.Extensions\MonoDevelop.PackageManagement.Extensions.csproj
	EndGlobalSection
EndGlobal
